// !$*UTF8*$!
{
	archiveVersion = 1;
	classes = {
	};
	objectVersion = 46;
	objects = {

/* Begin PBXBuildFile section */
		190C98FEAFCCF355B108C0DD /* libPods-ReativeCocoaDemo.a in Frameworks */ = {isa = PBXBuildFile; fileRef = 32E6634DB51BAB0F018E5CAB /* libPods-ReativeCocoaDemo.a */; };
		788F20C81C9328DA00B0A86A /* main.m in Sources */ = {isa = PBXBuildFile; fileRef = 788F20C71C9328DA00B0A86A /* main.m */; };
		788F20CB1C9328DA00B0A86A /* AppDelegate.m in Sources */ = {isa = PBXBuildFile; fileRef = 788F20CA1C9328DA00B0A86A /* AppDelegate.m */; };
		788F20CE1C9328DA00B0A86A /* ViewController.m in Sources */ = {isa = PBXBuildFile; fileRef = 788F20CD1C9328DA00B0A86A /* ViewController.m */; };
		788F20D11C9328DA00B0A86A /* Main.storyboard in Resources */ = {isa = PBXBuildFile; fileRef = 788F20CF1C9328DA00B0A86A /* Main.storyboard */; };
		788F20D41C9328DA00B0A86A /* ReativeCocoaDemo.xcdatamodeld in Sources */ = {isa = PBXBuildFile; fileRef = 788F20D21C9328DA00B0A86A /* ReativeCocoaDemo.xcdatamodeld */; };
		788F20D61C9328DA00B0A86A /* Assets.xcassets in Resources */ = {isa = PBXBuildFile; fileRef = 788F20D51C9328DA00B0A86A /* Assets.xcassets */; };
		788F20D91C9328DA00B0A86A /* LaunchScreen.storyboard in Resources */ = {isa = PBXBuildFile; fileRef = 788F20D71C9328DA00B0A86A /* LaunchScreen.storyboard */; };
		788F20E11C93297400B0A86A /* Images.xcassets in Resources */ = {isa = PBXBuildFile; fileRef = 788F20E01C93297400B0A86A /* Images.xcassets */; };
		788F20EC1C93F9DE00B0A86A /* Photos+CoreDataProperties.m in Sources */ = {isa = PBXBuildFile; fileRef = 788F20E51C93F9DE00B0A86A /* Photos+CoreDataProperties.m */; };
		788F20ED1C93F9DE00B0A86A /* Photos.m in Sources */ = {isa = PBXBuildFile; fileRef = 788F20E71C93F9DE00B0A86A /* Photos.m */; };
		788F20EE1C93F9DE00B0A86A /* Person+CoreDataProperties.m in Sources */ = {isa = PBXBuildFile; fileRef = 788F20E91C93F9DE00B0A86A /* Person+CoreDataProperties.m */; };
		788F20EF1C93F9DE00B0A86A /* Person.m in Sources */ = {isa = PBXBuildFile; fileRef = 788F20EB1C93F9DE00B0A86A /* Person.m */; };
		78E7F9621C956B6500CA7F49 /* HttpAFHttpViewController.m in Sources */ = {isa = PBXBuildFile; fileRef = 78E7F9611C956B6500CA7F49 /* HttpAFHttpViewController.m */; };
/* End PBXBuildFile section */

/* Begin PBXFileReference section */
		32E6634DB51BAB0F018E5CAB /* libPods-ReativeCocoaDemo.a */ = {isa = PBXFileReference; explicitFileType = archive.ar; includeInIndex = 0; path = "libPods-ReativeCocoaDemo.a"; sourceTree = BUILT_PRODUCTS_DIR; };
		78362EFF1C946FDD007981BC /* PrefixHeader.pch */ = {isa = PBXFileReference; fileEncoding = 4; lastKnownFileType = sourcecode.c.h; path = PrefixHeader.pch; sourceTree = "<group>"; };
		788F20C31C9328DA00B0A86A /* ReativeCocoaDemo.app */ = {isa = PBXFileReference; explicitFileType = wrapper.application; includeInIndex = 0; path = ReativeCocoaDemo.app; sourceTree = BUILT_PRODUCTS_DIR; };
		788F20C71C9328DA00B0A86A /* main.m */ = {isa = PBXFileReference; lastKnownFileType = sourcecode.c.objc; path = main.m; sourceTree = "<group>"; };
		788F20C91C9328DA00B0A86A /* AppDelegate.h */ = {isa = PBXFileReference; lastKnownFileType = sourcecode.c.h; name = AppDelegate.h; path = ../AppDelegate.h; sourceTree = "<group>"; };
		788F20CA1C9328DA00B0A86A /* AppDelegate.m */ = {isa = PBXFileReference; lastKnownFileType = sourcecode.c.objc; name = AppDelegate.m; path = ../AppDelegate.m; sourceTree = "<group>"; };
		788F20CC1C9328DA00B0A86A /* ViewController.h */ = {isa = PBXFileReference; lastKnownFileType = sourcecode.c.h; path = ViewController.h; sourceTree = "<group>"; };
		788F20CD1C9328DA00B0A86A /* ViewController.m */ = {isa = PBXFileReference; lastKnownFileType = sourcecode.c.objc; path = ViewController.m; sourceTree = "<group>"; };
		788F20D01C9328DA00B0A86A /* Base */ = {isa = PBXFileReference; lastKnownFileType = file.storyboard; name = Base; path = Base.lproj/Main.storyboard; sourceTree = "<group>"; };
		788F20D31C9328DA00B0A86A /* ReativeCocoaDemo.xcdatamodel */ = {isa = PBXFileReference; lastKnownFileType = wrapper.xcdatamodel; path = ReativeCocoaDemo.xcdatamodel; sourceTree = "<group>"; };
		788F20D51C9328DA00B0A86A /* Assets.xcassets */ = {isa = PBXFileReference; lastKnownFileType = folder.assetcatalog; path = Assets.xcassets; sourceTree = "<group>"; };
		788F20D81C9328DA00B0A86A /* Base */ = {isa = PBXFileReference; lastKnownFileType = file.storyboard; name = Base; path = Base.lproj/LaunchScreen.storyboard; sourceTree = "<group>"; };
		788F20DA1C9328DA00B0A86A /* Info.plist */ = {isa = PBXFileReference; lastKnownFileType = text.plist.xml; path = Info.plist; sourceTree = "<group>"; };
		788F20E01C93297400B0A86A /* Images.xcassets */ = {isa = PBXFileReference; lastKnownFileType = folder.assetcatalog; path = Images.xcassets; sourceTree = "<group>"; };
		788F20E41C93F9DE00B0A86A /* Photos+CoreDataProperties.h */ = {isa = PBXFileReference; fileEncoding = 4; lastKnownFileType = sourcecode.c.h; path = "Photos+CoreDataProperties.h"; sourceTree = "<group>"; };
		788F20E51C93F9DE00B0A86A /* Photos+CoreDataProperties.m */ = {isa = PBXFileReference; fileEncoding = 4; lastKnownFileType = sourcecode.c.objc; path = "Photos+CoreDataProperties.m"; sourceTree = "<group>"; };
		788F20E61C93F9DE00B0A86A /* Photos.h */ = {isa = PBXFileReference; fileEncoding = 4; lastKnownFileType = sourcecode.c.h; path = Photos.h; sourceTree = "<group>"; };
		788F20E71C93F9DE00B0A86A /* Photos.m */ = {isa = PBXFileReference; fileEncoding = 4; lastKnownFileType = sourcecode.c.objc; path = Photos.m; sourceTree = "<group>"; };
		788F20E81C93F9DE00B0A86A /* Person+CoreDataProperties.h */ = {isa = PBXFileReference; fileEncoding = 4; lastKnownFileType = sourcecode.c.h; path = "Person+CoreDataProperties.h"; sourceTree = "<group>"; };
		788F20E91C93F9DE00B0A86A /* Person+CoreDataProperties.m */ = {isa = PBXFileReference; fileEncoding = 4; lastKnownFileType = sourcecode.c.objc; path = "Person+CoreDataProperties.m"; sourceTree = "<group>"; };
		788F20EA1C93F9DE00B0A86A /* Person.h */ = {isa = PBXFileReference; fileEncoding = 4; lastKnownFileType = sourcecode.c.h; path = Person.h; sourceTree = "<group>"; };
		788F20EB1C93F9DE00B0A86A /* Person.m */ = {isa = PBXFileReference; fileEncoding = 4; lastKnownFileType = sourcecode.c.objc; path = Person.m; sourceTree = "<group>"; };
		78E7F9601C956B6500CA7F49 /* HttpAFHttpViewController.h */ = {isa = PBXFileReference; fileEncoding = 4; lastKnownFileType = sourcecode.c.h; path = HttpAFHttpViewController.h; sourceTree = "<group>"; };
		78E7F9611C956B6500CA7F49 /* HttpAFHttpViewController.m */ = {isa = PBXFileReference; fileEncoding = 4; lastKnownFileType = sourcecode.c.objc; path = HttpAFHttpViewController.m; sourceTree = "<group>"; };
		AF73C0D84A6263D28060ABB6 /* Pods-ReativeCocoaDemo.release.xcconfig */ = {isa = PBXFileReference; includeInIndex = 1; lastKnownFileType = text.xcconfig; name = "Pods-ReativeCocoaDemo.release.xcconfig"; path = "Pods/Target Support Files/Pods-ReativeCocoaDemo/Pods-ReativeCocoaDemo.release.xcconfig"; sourceTree = "<group>"; };
		EA1A372A15008AB02A82B72B /* Pods-ReativeCocoaDemo.debug.xcconfig */ = {isa = PBXFileReference; includeInIndex = 1; lastKnownFileType = text.xcconfig; name = "Pods-ReativeCocoaDemo.debug.xcconfig"; path = "Pods/Target Support Files/Pods-ReativeCocoaDemo/Pods-ReativeCocoaDemo.debug.xcconfig"; sourceTree = "<group>"; };
/* End PBXFileReference section */

/* Begin PBXFrameworksBuildPhase section */
		788F20C01C9328DA00B0A86A /* Frameworks */ = {
			isa = PBXFrameworksBuildPhase;
			buildActionMask = 2147483647;
			files = (
				190C98FEAFCCF355B108C0DD /* libPods-ReativeCocoaDemo.a in Frameworks */,
			);
			runOnlyForDeploymentPostprocessing = 0;
		};
/* End PBXFrameworksBuildPhase section */

/* Begin PBXGroup section */
		2F4FB23A7979AE669F2CC314 /* Frameworks */ = {
			isa = PBXGroup;
			children = (
				32E6634DB51BAB0F018E5CAB /* libPods-ReativeCocoaDemo.a */,
			);
			name = Frameworks;
			sourceTree = "<group>";
		};
		674756D93AFC15FC838B09C5 /* Pods */ = {
			isa = PBXGroup;
			children = (
				EA1A372A15008AB02A82B72B /* Pods-ReativeCocoaDemo.debug.xcconfig */,
				AF73C0D84A6263D28060ABB6 /* Pods-ReativeCocoaDemo.release.xcconfig */,
			);
			name = Pods;
			sourceTree = "<group>";
		};
		788F20BA1C9328DA00B0A86A = {
			isa = PBXGroup;
			children = (
				788F20C51C9328DA00B0A86A /* ReativeCocoaDemo */,
				788F20C41C9328DA00B0A86A /* Products */,
				674756D93AFC15FC838B09C5 /* Pods */,
				2F4FB23A7979AE669F2CC314 /* Frameworks */,
			);
			sourceTree = "<group>";
		};
		788F20C41C9328DA00B0A86A /* Products */ = {
			isa = PBXGroup;
			children = (
				788F20C31C9328DA00B0A86A /* ReativeCocoaDemo.app */,
			);
			name = Products;
			sourceTree = "<group>";
		};
		788F20C51C9328DA00B0A86A /* ReativeCocoaDemo */ = {
			isa = PBXGroup;
			children = (
				788F20F11C94003C00B0A86A /* Controller */,
				788F20F01C93FFE500B0A86A /* View */,
				788F20E31C93F92F00B0A86A /* Model */,
				788F20DA1C9328DA00B0A86A /* Info.plist */,
				788F20C61C9328DA00B0A86A /* Supporting Files */,
			);
			path = ReativeCocoaDemo;
			sourceTree = "<group>";
		};
		788F20C61C9328DA00B0A86A /* Supporting Files */ = {
			isa = PBXGroup;
			children = (
				788F20C71C9328DA00B0A86A /* main.m */,
				78362EFF1C946FDD007981BC /* PrefixHeader.pch */,
			);
			name = "Supporting Files";
			sourceTree = "<group>";
		};
		788F20E21C93F92100B0A86A /* CoreData */ = {
			isa = PBXGroup;
			children = (
				788F20E41C93F9DE00B0A86A /* Photos+CoreDataProperties.h */,
				788F20E51C93F9DE00B0A86A /* Photos+CoreDataProperties.m */,
				788F20E61C93F9DE00B0A86A /* Photos.h */,
				788F20E71C93F9DE00B0A86A /* Photos.m */,
				788F20E81C93F9DE00B0A86A /* Person+CoreDataProperties.h */,
				788F20E91C93F9DE00B0A86A /* Person+CoreDataProperties.m */,
				788F20EA1C93F9DE00B0A86A /* Person.h */,
				788F20EB1C93F9DE00B0A86A /* Person.m */,
			);
			path = CoreData;
			sourceTree = "<group>";
		};
		788F20E31C93F92F00B0A86A /* Model */ = {
			isa = PBXGroup;
			children = (
				788F20D21C9328DA00B0A86A /* ReativeCocoaDemo.xcdatamodeld */,
				788F20C91C9328DA00B0A86A /* AppDelegate.h */,
				788F20CA1C9328DA00B0A86A /* AppDelegate.m */,
				788F20E21C93F92100B0A86A /* CoreData */,
			);
			path = Model;
			sourceTree = "<group>";
		};
		788F20F01C93FFE500B0A86A /* View */ = {
			isa = PBXGroup;
			children = (
				788F20D71C9328DA00B0A86A /* LaunchScreen.storyboard */,
				788F20E01C93297400B0A86A /* Images.xcassets */,
				788F20D51C9328DA00B0A86A /* Assets.xcassets */,
				788F20CF1C9328DA00B0A86A /* Main.storyboard */,
			);
			name = View;
			sourceTree = "<group>";
		};
		788F20F11C94003C00B0A86A /* Controller */ = {
			isa = PBXGroup;
			children = (
				788F20CC1C9328DA00B0A86A /* ViewController.h */,
				788F20CD1C9328DA00B0A86A /* ViewController.m */,
				78E7F9601C956B6500CA7F49 /* HttpAFHttpViewController.h */,
				78E7F9611C956B6500CA7F49 /* HttpAFHttpViewController.m */,
			);
			path = Controller;
			sourceTree = "<group>";
		};
/* End PBXGroup section */

/* Begin PBXNativeTarget section */
		788F20C21C9328DA00B0A86A /* ReativeCocoaDemo */ = {
			isa = PBXNativeTarget;
			buildConfigurationList = 788F20DD1C9328DA00B0A86A /* Build configuration list for PBXNativeTarget "ReativeCocoaDemo" */;
			buildPhases = (
				F5F7A63943974CC02D4AB1DC /* Check Pods Manifest.lock */,
				788F20BF1C9328DA00B0A86A /* Sources */,
				788F20C01C9328DA00B0A86A /* Frameworks */,
				788F20C11C9328DA00B0A86A /* Resources */,
				0C53377C823021A0C5A9467B /* Embed Pods Frameworks */,
				4CF8AB1B906B82FA6D6346BE /* Copy Pods Resources */,
			);
			buildRules = (
			);
			dependencies = (
			);
			name = ReativeCocoaDemo;
			productName = ReativeCocoaDemo;
			productReference = 788F20C31C9328DA00B0A86A /* ReativeCocoaDemo.app */;
			productType = "com.apple.product-type.application";
		};
/* End PBXNativeTarget section */

/* Begin PBXProject section */
		788F20BB1C9328DA00B0A86A /* Project object */ = {
			isa = PBXProject;
			attributes = {
				LastUpgradeCheck = 0720;
				ORGANIZATIONNAME = LH;
				TargetAttributes = {
					788F20C21C9328DA00B0A86A = {
						CreatedOnToolsVersion = 7.2;
					};
				};
			};
			buildConfigurationList = 788F20BE1C9328DA00B0A86A /* Build configuration list for PBXProject "ReativeCocoaDemo" */;
			compatibilityVersion = "Xcode 3.2";
			developmentRegion = English;
			hasScannedForEncodings = 0;
			knownRegions = (
				en,
				Base,
			);
			mainGroup = 788F20BA1C9328DA00B0A86A;
			productRefGroup = 788F20C41C9328DA00B0A86A /* Products */;
			projectDirPath = "";
			projectRoot = "";
			targets = (
				788F20C21C9328DA00B0A86A /* ReativeCocoaDemo */,
			);
		};
/* End PBXProject section */

/* Begin PBXResourcesBuildPhase section */
		788F20C11C9328DA00B0A86A /* Resources */ = {
			isa = PBXResourcesBuildPhase;
			buildActionMask = 2147483647;
			files = (
				788F20D91C9328DA00B0A86A /* LaunchScreen.storyboard in Resources */,
				788F20E11C93297400B0A86A /* Images.xcassets in Resources */,
				788F20D61C9328DA00B0A86A /* Assets.xcassets in Resources */,
				788F20D11C9328DA00B0A86A /* Main.storyboard in Resources */,
			);
			runOnlyForDeploymentPostprocessing = 0;
		};
/* End PBXResourcesBuildPhase section */

/* Begin PBXShellScriptBuildPhase section */
		0C53377C823021A0C5A9467B /* Embed Pods Frameworks */ = {
			isa = PBXShellScriptBuildPhase;
			buildActionMask = 2147483647;
			files = (
			);
			inputPaths = (
			);
			name = "Embed Pods Frameworks";
			outputPaths = (
			);
			runOnlyForDeploymentPostprocessing = 0;
			shellPath = /bin/sh;
			shellScript = "\"${SRCROOT}/Pods/Target Support Files/Pods-ReativeCocoaDemo/Pods-ReativeCocoaDemo-frameworks.sh\"\n";
			showEnvVarsInLog = 0;
		};
		4CF8AB1B906B82FA6D6346BE /* Copy Pods Resources */ = {
			isa = PBXShellScriptBuildPhase;
			buildActionMask = 2147483647;
			files = (
			);
			inputPaths = (
			);
			name = "Copy Pods Resources";
			outputPaths = (
			);
			runOnlyForDeploymentPostprocessing = 0;
			shellPath = /bin/sh;
			shellScript = "\"${SRCROOT}/Pods/Target Support Files/Pods-ReativeCocoaDemo/Pods-ReativeCocoaDemo-resources.sh\"\n";
			showEnvVarsInLog = 0;
		};
		F5F7A63943974CC02D4AB1DC /* Check Pods Manifest.lock */ = {
			isa = PBXShellScriptBuildPhase;
			buildActionMask = 2147483647;
			files = (
			);
			inputPaths = (
			);
			name = "Check Pods Manifest.lock";
			outputPaths = (
			);
			runOnlyForDeploymentPostprocessing = 0;
			shellPath = /bin/sh;
			shellScript = "diff \"${PODS_ROOT}/../Podfile.lock\" \"${PODS_ROOT}/Manifest.lock\" > /dev/null\nif [[ $? != 0 ]] ; then\n    cat << EOM\nerror: The sandbox is not in sync with the Podfile.lock. Run 'pod install' or update your CocoaPods installation.\nEOM\n    exit 1\nfi\n";
			showEnvVarsInLog = 0;
		};
/* End PBXShellScriptBuildPhase section */

/* Begin PBXSourcesBuildPhase section */
		788F20BF1C9328DA00B0A86A /* Sources */ = {
			isa = PBXSourcesBuildPhase;
			buildActionMask = 2147483647;
			files = (
				788F20CE1C9328DA00B0A86A /* ViewController.m in Sources */,
				788F20CB1C9328DA00B0A86A /* AppDelegate.m in Sources */,
				788F20EF1C93F9DE00B0A86A /* Person.m in Sources */,
				788F20C81C9328DA00B0A86A /* main.m in Sources */,
				78E7F9621C956B6500CA7F49 /* HttpAFHttpViewController.m in Sources */,
				788F20D41C9328DA00B0A86A /* ReativeCocoaDemo.xcdatamodeld in Sources */,
				788F20ED1C93F9DE00B0A86A /* Photos.m in Sources */,
				788F20EE1C93F9DE00B0A86A /* Person+CoreDataProperties.m in Sources */,
				788F20EC1C93F9DE00B0A86A /* Photos+CoreDataProperties.m in Sources */,
			);
			runOnlyForDeploymentPostprocessing = 0;
		};
/* End PBXSourcesBuildPhase section */

/* Begin PBXVariantGroup section */
		788F20CF1C9328DA00B0A86A /* Main.storyboard */ = {
			isa = PBXVariantGroup;
			children = (
				788F20D01C9328DA00B0A86A /* Base */,
			);
			name = Main.storyboard;
			sourceTree = "<group>";
		};
		788F20D71C9328DA00B0A86A /* LaunchScreen.storyboard */ = {
			isa = PBXVariantGroup;
			children = (
				788F20D81C9328DA00B0A86A /* Base */,
			);
			name = LaunchScreen.storyboard;
			sourceTree = "<group>";
		};
/* End PBXVariantGroup section */

/* Begin XCBuildConfiguration section */
		788F20DB1C9328DA00B0A86A /* Debug */ = {
			isa = XCBuildConfiguration;
			buildSettings = {
				ALWAYS_SEARCH_USER_PATHS = NO;
				CLANG_CXX_LANGUAGE_STANDARD = "gnu++0x";
				CLANG_CXX_LIBRARY = "libc++";
				CLANG_ENABLE_MODULES = YES;
				CLANG_ENABLE_OBJC_ARC = YES;
				CLANG_WARN_BOOL_CONVERSION = YES;
				CLANG_WARN_CONSTANT_CONVERSION = YES;
				CLANG_WARN_DIRECT_OBJC_ISA_USAGE = YES_ERROR;
				CLANG_WARN_EMPTY_BODY = YES;
				CLANG_WARN_ENUM_CONVERSION = YES;
				CLANG_WARN_INT_CONVERSION = YES;
				CLANG_WARN_OBJC_ROOT_CLASS = YES_ERROR;
				CLANG_WARN_UNREACHABLE_CODE = YES;
				CLANG_WARN__DUPLICATE_METHOD_MATCH = YES;
				"CODE_SIGN_IDENTITY[sdk=iphoneos*]" = "iPhone Developer";
				COPY_PHASE_STRIP = NO;
				DEBUG_INFORMATION_FORMAT = dwarf;
				ENABLE_STRICT_OBJC_MSGSEND = YES;
				ENABLE_TESTABILITY = YES;
				GCC_C_LANGUAGE_STANDARD = gnu99;
				GCC_DYNAMIC_NO_PIC = NO;
				GCC_NO_COMMON_BLOCKS = YES;
				GCC_OPTIMIZATION_LEVEL = 0;
				GCC_PREPROCESSOR_DEFINITIONS = (
					"DEBUG=1",
					"$(inherited)",
				);
				GCC_WARN_64_TO_32_BIT_CONVERSION = YES;
				GCC_WARN_ABOUT_RETURN_TYPE = YES_ERROR;
				GCC_WARN_UNDECLARED_SELECTOR = YES;
				GCC_WARN_UNINITIALIZED_AUTOS = YES_AGGRESSIVE;
				GCC_WARN_UNUSED_FUNCTION = YES;
				GCC_WARN_UNUSED_VARIABLE = YES;
				IPHONEOS_DEPLOYMENT_TARGET = 9.2;
				MTL_ENABLE_DEBUG_INFO = YES;
				ONLY_ACTIVE_ARCH = YES;
				SDKROOT = iphoneos;
			};
			name = Debug;
		};
		788F20DC1C9328DA00B0A86A /* Release */ = {
			isa = XCBuildConfiguration;
			buildSettings = {
				ALWAYS_SEARCH_USER_PATHS = NO;
				CLANG_CXX_LANGUAGE_STANDARD = "gnu++0x";
				CLANG_CXX_LIBRARY = "libc++";
				CLANG_ENABLE_MODULES = YES;
				CLANG_ENABLE_OBJC_ARC = YES;
				CLANG_WARN_BOOL_CONVERSION = YES;
				CLANG_WARN_CONSTANT_CONVERSION = YES;
				CLANG_WARN_DIRECT_OBJC_ISA_USAGE = YES_ERROR;
				CLANG_WARN_EMPTY_BODY = YES;
				CLANG_WARN_ENUM_CONVERSION = YES;
				CLANG_WARN_INT_CONVERSION = YES;
				CLANG_WARN_OBJC_ROOT_CLASS = YES_ERROR;
				CLANG_WARN_UNREACHABLE_CODE = YES;
				CLANG_WARN__DUPLICATE_METHOD_MATCH = YES;
				"CODE_SIGN_IDENTITY[sdk=iphoneos*]" = "iPhone Developer";
				COPY_PHASE_STRIP = NO;
				DEBUG_INFORMATION_FORMAT = "dwarf-with-dsym";
				ENABLE_NS_ASSERTIONS = NO;
				ENABLE_STRICT_OBJC_MSGSEND = YES;
				GCC_C_LANGUAGE_STANDARD = gnu99;
				GCC_NO_COMMON_BLOCKS = YES;
				GCC_WARN_64_TO_32_BIT_CONVERSION = YES;
				GCC_WARN_ABOUT_RETURN_TYPE = YES_ERROR;
				GCC_WARN_UNDECLARED_SELECTOR = YES;
				GCC_WARN_UNINITIALIZED_AUTOS = YES_AGGRESSIVE;
				GCC_WARN_UNUSED_FUNCTION = YES;
				GCC_WARN_UNUSED_VARIABLE = YES;
				IPHONEOS_DEPLOYMENT_TARGET = 9.2;
				MTL_ENABLE_DEBUG_INFO = NO;
				SDKROOT = iphoneos;
				VALIDATE_PRODUCT = YES;
			};
			name = Release;
		};
		788F20DE1C9328DA00B0A86A /* Debug */ = {
			isa = XCBuildConfiguration;
			baseConfigurationReference = EA1A372A15008AB02A82B72B /* Pods-ReativeCocoaDemo.debug.xcconfig */;
			buildSettings = {
				ASSETCATALOG_COMPILER_APPICON_NAME = AppIcon;
				ASSETCATALOG_COMPILER_LAUNCHIMAGE_NAME = LaunchImage;
				GCC_PREFIX_HEADER = ReativeCocoaDemo/PrefixHeader.pch;
				INFOPLIST_FILE = ReativeCocoaDemo/Info.plist;
				IPHONEOS_DEPLOYMENT_TARGET = 7.0;
				LD_RUNPATH_SEARCH_PATHS = "$(inherited) @executable_path/Frameworks";
				PRODUCT_BUNDLE_IDENTIFIER = com.jwlh.ReativeCocoaDemo;
				PRODUCT_NAME = "$(TARGET_NAME)";
			};
			name = Debug;
		};
		788F20DF1C9328DA00B0A86A /* Release */ = {
			isa = XCBuildConfiguration;
			baseConfigurationReference = AF73C0D84A6263D28060ABB6 /* Pods-ReativeCocoaDemo.release.xcconfig */;
			buildSettings = {
				ASSETCATALOG_COMPILER_APPICON_NAME = AppIcon;
				ASSETCATALOG_COMPILER_LAUNCHIMAGE_NAME = LaunchImage;
				GCC_PREFIX_HEADER = ReativeCocoaDemo/PrefixHeader.pch;
				INFOPLIST_FILE = ReativeCocoaDemo/Info.plist;
				IPHONEOS_DEPLOYMENT_TARGET = 7.0;
				LD_RUNPATH_SEARCH_PATHS = "$(inherited) @executable_path/Frameworks";
				PRODUCT_BUNDLE_IDENTIFIER = com.jwlh.ReativeCocoaDemo;
				PRODUCT_NAME = "$(TARGET_NAME)";
			};
			name = Release;
		};
/* End XCBuildConfiguration section */

/* Begin XCConfigurationList section */
		788F20BE1C9328DA00B0A86A /* Build configuration list for PBXProject "ReativeCocoaDemo" */ = {
			isa = XCConfigurationList;
			buildConfigurations = (
				788F20DB1C9328DA00B0A86A /* Debug */,
				788F20DC1C9328DA00B0A86A /* Release */,
			);
			defaultConfigurationIsVisible = 0;
			defaultConfigurationName = Release;
		};
		788F20DD1C9328DA00B0A86A /* Build configuration list for PBXNativeTarget "ReativeCocoaDemo" */ = {
			isa = XCConfigurationList;
			buildConfigurations = (
				788F20DE1C9328DA00B0A86A /* Debug */,
				788F20DF1C9328DA00B0A86A /* Release */,
			);
			defaultConfigurationIsVisible = 0;
			defaultConfigurationName = Release;
		};
/* End XCConfigurationList section */

/* Begin XCVersionGroup section */
		788F20D21C9328DA00B0A86A /* ReativeCocoaDemo.xcdatamodeld */ = {
			isa = XCVersionGroup;
			children = (
				788F20D31C9328DA00B0A86A /* ReativeCocoaDemo.xcdatamodel */,
			);
			currentVersion = 788F20D31C9328DA00B0A86A /* ReativeCocoaDemo.xcdatamodel */;
			name = ReativeCocoaDemo.xcdatamodeld;
			path = ../ReativeCocoaDemo.xcdatamodeld;
			sourceTree = "<group>";
			versionGroupType = wrapper.xcdatamodel;
		};
/* End XCVersionGroup section */
	};
	rootObject = 788F20BB1C9328DA00B0A86A /* Project object */;
}
